# This file was autogenerated by Stack.
# You should not edit this file by hand.
# For more information, please see the documentation at:
#   https://docs.haskellstack.org/en/stable/lock_files

packages:
- completed:
    hackage: autodocodec-0.1.0.1@sha256:4951b61e366a8b082bb1ac8d0ee4b3c8e5a9616327e3752df5d3106f281cdae6,1578
    pantry-tree:
      size: 760
      sha256: d2aa8b7273960c05e4b39b1251267abd3c43143437b684a92f15453c0fbf572c
  original:
    hackage: autodocodec-0.1.0.1
- completed:
    hackage: autodocodec-openapi3-0.2.0.0@sha256:bbda6ce6c94e7534f64ba75c380687c3378432ed785ba6bef1582874eae2e873,1128
    pantry-tree:
      size: 388
      sha256: c86b6458a2df2d90218e7e13513b7ef1218d8326df22104154b3723375a28ffe
  original:
    hackage: autodocodec-openapi3-0.2.0.0
- completed:
    hackage: autodocodec-swagger2-0.0.1.0@sha256:6e04a94907fec9a6b00dd0b00c6b098e7807b85210f179ee9d807c613ef216ba,1090
    pantry-tree:
      size: 388
      sha256: c1ee3b60750d3edd318b16fd68ea80686b523fdf2a118978d82ef9e9a40999df
  original:
    hackage: autodocodec-swagger2-0.0.1.0
snapshots:
- completed:
    size: 590100
    url: https://raw.githubusercontent.com/commercialhaskell/stackage-snapshots/master/lts/18/28.yaml
    sha256: 428ec8d5ce932190d3cbe266b9eb3c175cd81e984babf876b64019e2cbe4ea68
  original:
    url: https://raw.githubusercontent.com/commercialhaskell/stackage-snapshots/master/lts/18/28.yaml
